# This file is autogenerated, do not edit; changes may be undone by the next 'dep ensure'.


[[projects]]
  digest = "1:80004fcc5cf64e591486b3e11b406f1e0d17bf85d475d64203c8494f5da4fcd1"
  name = "cloud.google.com/go"
  packages = ["compute/metadata"]
  pruneopts = "UT"
  revision = "775730d6e48254a2430366162cf6298e5368833c"
  version = "v0.39.0"

[[projects]]
  digest = "1:279540310125d2b219920588d7e2edb2a85b3317b528839166e896ce6b6f211c"
  name = "github.com/Azure/azure-pipeline-go"
  packages = ["pipeline"]
  pruneopts = "UT"
  revision = "55fedc85a614dcd0e942a66f302ae3efb83d563c"
  version = "v0.1.9"

[[projects]]
  digest = "1:b15d5bdadce5d98f1e06353508a4029fccfeb68761957b3a2a8cb38ebb8caca4"
  name = "github.com/Azure/azure-storage-blob-go"
  packages = ["azblob"]
  pruneopts = "UT"
  revision = "678206e7e6e55abf0265a6440135e92005176ebf"
  version = "v0.6.0"

[[projects]]
  digest = "1:aa855bda8630186a6a2f33ac0142fd8c1644622af2e164bc3d8bbb69978b6467"
  name = "github.com/Jeffail/tunny"
  packages = ["."]
  pruneopts = "UT"
  revision = "4921fff29480bad359ad2fb3271fb461c8ffe1fc"
  version = "0.1.2"

[[projects]]
  branch = "master"
  digest = "1:2121d6a24377175707e73bb3d4f78d4511b87abfe93a02824eb1390b5bc2a293"
  name = "github.com/Unknwon/goconfig"
  packages = ["."]
  pruneopts = "UT"
  revision = "3dba17dd7b9ec8509b3621a73a30a4b333eb28da"

[[projects]]
  digest = "1:c455036fb289e0cbce632c7f3a23f10141edb7ccbb75906d56775d3b356b826a"
  name = "github.com/abbot/go-http-auth"
  packages = ["."]
  pruneopts = "UT"
  revision = "0ddd408d5d60ea76e320503cc7dd091992dee608"
  version = "v0.4.0"

[[projects]]
  digest = "1:12a64f0c1cd188157101b8fa1bcf6f18f97a14fa3d1525bc5350b2f8777f0d09"
  name = "github.com/aws/aws-sdk-go"
  packages = [
    "aws",
    "aws/awserr",
    "aws/awsutil",
    "aws/client",
    "aws/client/metadata",
    "aws/corehandlers",
    "aws/credentials",
    "aws/credentials/ec2rolecreds",
    "aws/credentials/endpointcreds",
    "aws/credentials/processcreds",
    "aws/credentials/stscreds",
    "aws/csm",
    "aws/defaults",
    "aws/ec2metadata",
    "aws/endpoints",
    "aws/request",
    "aws/session",
    "aws/signer/v4",
    "internal/ini",
    "internal/s3err",
    "internal/sdkio",
    "internal/sdkrand",
    "internal/sdkuri",
    "internal/shareddefaults",
    "private/protocol",
    "private/protocol/eventstream",
    "private/protocol/eventstream/eventstreamapi",
    "private/protocol/json/jsonutil",
    "private/protocol/query",
    "private/protocol/query/queryutil",
    "private/protocol/rest",
    "private/protocol/restxml",
    "private/protocol/xml/xmlutil",
    "service/s3",
    "service/s3/s3iface",
    "service/s3/s3manager",
    "service/sts",
  ]
  pruneopts = "UT"
  revision = "4106f185073f937cf269760ce26961b21cd4bebb"
  version = "v1.20.4"

[[projects]]
  digest = "1:f2ac2c724fc8214bb7b9dd6d4f5b7a983152051f5133320f228557182263cb94"
  name = "github.com/coreos/bbolt"
  packages = ["."]
  pruneopts = "UT"
  revision = "a0458a2b35708eef59eb5f620ceb3cd1c01a824d"
  version = "v1.3.3"

[[projects]]
  digest = "1:ffe9824d294da03b391f44e1ae8281281b4afc1bdaa9588c9097785e3af10cec"
  name = "github.com/davecgh/go-spew"
  packages = ["spew"]
  pruneopts = "UT"
  revision = "8991bc29aa16c548c550c7ff78260e27b9ab7c73"
  version = "v1.1.1"

[[projects]]
  branch = "master"
  digest = "1:5771b86b64a5e64d8e3d70337813686586210131ac4fb4c6a97b43c8e25e2253"
  name = "github.com/dgrijalva/jwt-go"
  packages = ["."]
  pruneopts = "UT"
  revision = "3af4c746e1c248ee8491a3e0c6f7a9cd831e95f8"

[[projects]]
  digest = "1:b7b063b8125b7aeaf179aa4564ba60c896551d702f7c824ace98cc654fc813a0"
  name = "github.com/djherbis/times"
  packages = ["."]
  pruneopts = "UT"
  revision = "847c5208d8924cea0acea3376ff62aede93afe39"
  version = "v1.2.0"

[[projects]]
  digest = "1:c4cc585a2e94a7d798115f312d359471653d33ac333f63a3eff23fadcf89e8f1"
  name = "github.com/dropbox/dropbox-sdk-go-unofficial"
  packages = [
    "dropbox",
    "dropbox/async",
    "dropbox/auth",
    "dropbox/common",
    "dropbox/file_properties",
    "dropbox/files",
    "dropbox/seen_state",
    "dropbox/sharing",
    "dropbox/team",
    "dropbox/team_common",
    "dropbox/team_policies",
    "dropbox/users",
    "dropbox/users_common",
  ]
  pruneopts = "UT"
  revision = "af4558f5e44cef90c2d963e50e76e7dfa46d0c48"
  version = "v5.4.0"

[[projects]]
  digest = "1:f4f6279cb37479954644babd8f8ef00584ff9fa63555d2c6718c1c3517170202"
  name = "github.com/elazarl/go-bindata-assetfs"
  packages = ["."]
  pruneopts = "UT"
  revision = "30f82fa23fd844bd5bb1e5f216db87fd77b5eb43"
  version = "v1.0.0"

[[projects]]
  digest = "1:abeb38ade3f32a92943e5be54f55ed6d6e3b6602761d74b4aab4c9dd45c18abd"
  name = "github.com/fsnotify/fsnotify"
  packages = ["."]
  pruneopts = "UT"
  revision = "c2828203cd70a50dcccfb2761f8b1f8ceef9a8e9"
  version = "v1.4.7"

[[projects]]
  digest = "1:239c4c7fd2159585454003d9be7207167970194216193a8a210b8d29576f19c9"
  name = "github.com/golang/protobuf"
  packages = [
    "proto",
    "ptypes",
    "ptypes/any",
    "ptypes/duration",
    "ptypes/timestamp",
  ]
  pruneopts = "UT"
  revision = "b5d812f8a3706043e23a9cd5babf2e5423744d30"
  version = "v1.3.1"

[[projects]]
  digest = "1:a63cff6b5d8b95638bfe300385d93b2a6d9d687734b863da8e09dc834510a690"
  name = "github.com/google/go-querystring"
  packages = ["query"]
  pruneopts = "UT"
  revision = "44c6ddd0a2342c386950e880b658017258da92fc"
  version = "v1.0.0"

[[projects]]
  digest = "1:582b704bebaa06b48c29b0cec224a6058a09c86883aaddabde889cd1a5f73e1b"
  name = "github.com/google/uuid"
  packages = ["."]
  pruneopts = "UT"
  revision = "0cd6bf5da1e1c83f8b45653022c74f71af0538a4"
  version = "v1.1.1"

[[projects]]
  digest = "1:664d37ea261f0fc73dd17f4a1f5f46d01fbb0b0d75f6375af064824424109b7d"
  name = "github.com/gorilla/handlers"
  packages = ["."]
  pruneopts = "UT"
  revision = "7e0847f9db758cdebd26c149d0ae9d5d0b9c98ce"
  version = "v1.4.0"

[[projects]]
  digest = "1:3af6be4fee7c08f81f13d36f04ffb63ad4b6b5aaba12cce96095c7c2863d4912"
  name = "github.com/gorilla/mux"
  packages = ["."]
  pruneopts = "UT"
  revision = "ed099d42384823742bba0bf9a72b53b55c9e2e38"
  version = "v1.7.2"

[[projects]]
  digest = "1:7b5c6e2eeaa9ae5907c391a91c132abfd5c9e8a784a341b5625e750c67e6825d"
  name = "github.com/gorilla/websocket"
  packages = ["."]
  pruneopts = "UT"
  revision = "66b9c49e59c6c48f0ffce28c2d8b8a5678502c6d"
  version = "v1.4.0"

[[projects]]
  branch = "master"
  digest = "1:ec60828c5b67d21b70106a247a1662f40934d8e085f51c963ba1bd9579bea441"
  name = "github.com/graph-gophers/graphql-go"
  packages = [
    ".",
    "errors",
    "internal/common",
    "internal/exec",
    "internal/exec/packer",
    "internal/exec/resolvable",
    "internal/exec/selected",
    "internal/query",
    "internal/schema",
    "internal/validation",
    "introspection",
    "log",
    "relay",
    "trace",
  ]
  pruneopts = "UT"
  revision = "158e7b876106936762df88b11b595cfe2de738c6"

[[projects]]
  branch = "master"
  digest = "1:ed1a0dc823c340c1d0e5a5986ddc0d689effc41f0959690eb4bb9c09f068d6c8"
  name = "github.com/graph-gophers/graphql-transport-ws"
  packages = [
    "graphqlws",
    "graphqlws/internal/connection",
  ]
  pruneopts = "UT"
  revision = "40c0484322990a129cac2f2d2763c3315230280c"

[[projects]]
  digest = "1:67474f760e9ac3799f740db2c489e6423a4cde45520673ec123ac831ad849cb8"
  name = "github.com/hashicorp/golang-lru"
  packages = ["simplelru"]
  pruneopts = "UT"
  revision = "7087cb70de9f7a8bc0a10c375cb0d2280a8edf9c"
  version = "v0.5.1"

[[projects]]
  digest = "1:870d441fe217b8e689d7949fef6e43efbc787e50f200cb1e70dbca9204a1d6be"
  name = "github.com/inconshreveable/mousetrap"
  packages = ["."]
  pruneopts = "UT"
  revision = "76626ae9c91c4f2a10f34cad8ce83ea42c93bb75"
  version = "v1.0"

[[projects]]
  branch = "master"
  digest = "1:7c99ddf3b042f19e9c000c70a07a8414c72cef2323838ec74dfdda71832ed3b1"
  name = "github.com/jinzhu/gorm"
  packages = [
    ".",
    "dialects/sqlite",
  ]
  pruneopts = "UT"
  revision = "321c636b9da51a621d51b938b404ccd5a131e299"

[[projects]]
  branch = "master"
  digest = "1:fd97437fbb6b7dce04132cf06775bd258cce305c44add58eb55ca86c6c325160"
  name = "github.com/jinzhu/inflection"
  packages = ["."]
  pruneopts = "UT"
  revision = "04140366298a54a039076d798123ffa108fff46c"

[[projects]]
  branch = "master"
  digest = "1:8de9d898521b9e83a21276bfab10e477862ca18f8d08c20c0e542bbaf35c2ec5"
  name = "github.com/jlaffaye/ftp"
  packages = ["."]
  pruneopts = "UT"
  revision = "9284a88df536a8e9d80846c718efeeda5e56b898"

[[projects]]
  digest = "1:bb81097a5b62634f3e9fec1014657855610c82d19b9a40c17612e32651e35dca"
  name = "github.com/jmespath/go-jmespath"
  packages = ["."]
  pruneopts = "UT"
  revision = "c2b33e84"

[[projects]]
  digest = "1:31e761d97c76151dde79e9d28964a812c46efc5baee4085b86f68f0c654450de"
  name = "github.com/konsorten/go-windows-terminal-sequences"
  packages = ["."]
  pruneopts = "UT"
  revision = "f55edac94c9bbba5d6182a4be46d86a2c9b5b50e"
  version = "v1.0.2"

[[projects]]
  branch = "master"
  digest = "1:b92fd36eaefd9e743f302e643e271ce92cf5f7b149782a8dced8572828dc0fba"
  name = "github.com/koofr/go-httpclient"
  packages = ["."]
  pruneopts = "UT"
  revision = "03786175608a2f5e76523fc489cad8bee2f20fbc"

[[projects]]
  branch = "master"
  digest = "1:08152bb5750a6a2e81c1ab19b30e94ea816a55a7480b508415070cb30bb14460"
  name = "github.com/koofr/go-koofrclient"
  packages = ["."]
  pruneopts = "UT"
  revision = "7f327592caff2f24d64635e29bf560db6a2e4db5"

[[projects]]
  digest = "1:9cedee824c21326bd26950bd9e1ffe9dc4e7ca03dc8634d0e6f954ee6a383172"
  name = "github.com/kr/fs"
  packages = ["."]
  pruneopts = "UT"
  revision = "1455def202f6e05b95cc7bfc7e8ae67ae5141eba"
  version = "v0.1.0"

[[projects]]
  digest = "1:4a49346ca45376a2bba679ca0e83bec949d780d4e927931317904bad482943ec"
  name = "github.com/mattn/go-sqlite3"
  packages = ["."]
  pruneopts = "UT"
  revision = "c7c4067b79cc51e6dfdcef5c702e74b1e0fa7c75"
  version = "v1.10.0"

[[projects]]
  digest = "1:5d231480e1c64a726869bc4142d270184c419749d34f167646baa21008eb0a79"
  name = "github.com/mitchellh/go-homedir"
  packages = ["."]
  pruneopts = "UT"
  revision = "af06845cf3004701891bf4fdb884bfe4920b3727"
  version = "v1.1.0"

[[projects]]
  branch = "master"
  digest = "1:2cdf52127609d5e021b6a4affda7ab2e1aeed56ef0a37ed041041a23edf32052"
  name = "github.com/ncw/go-acd"
  packages = ["."]
  pruneopts = "UT"
  revision = "887eb06ab6a255fbf5744b5812788e884078620a"

[[projects]]
  digest = "1:77304cf2c95818a76ed39aeed4fbac5e25f48eb14a470184f9c906702e45a873"
  name = "github.com/ncw/rclone"
  packages = [
    "backend/alias",
    "backend/all",
    "backend/amazonclouddrive",
    "backend/azureblob",
    "backend/b2",
    "backend/b2/api",
    "backend/box",
    "backend/box/api",
    "backend/cache",
    "backend/crypt",
    "backend/crypt/pkcs7",
    "backend/drive",
    "backend/dropbox",
    "backend/dropbox/dbhash",
    "backend/ftp",
    "backend/googlecloudstorage",
    "backend/http",
    "backend/hubic",
    "backend/jottacloud",
    "backend/jottacloud/api",
    "backend/koofr",
    "backend/local",
    "backend/mega",
    "backend/onedrive",
    "backend/onedrive/api",
    "backend/onedrive/quickxorhash",
    "backend/opendrive",
    "backend/pcloud",
    "backend/pcloud/api",
    "backend/qingstor",
    "backend/s3",
    "backend/sftp",
    "backend/swift",
    "backend/union",
    "backend/webdav",
    "backend/webdav/api",
    "backend/webdav/odrvcookie",
    "backend/yandex",
    "backend/yandex/api",
    "cmd/serve/httplib",
    "cmd/serve/httplib/serve/data",
    "fs",
    "fs/accounting",
    "fs/asyncreader",
    "fs/cache",
    "fs/chunkedreader",
    "fs/config",
    "fs/config/configmap",
    "fs/config/configstruct",
    "fs/config/flags",
    "fs/config/obscure",
    "fs/driveletter",
    "fs/filter",
    "fs/fserrors",
    "fs/fshttp",
    "fs/fspath",
    "fs/hash",
    "fs/list",
    "fs/log",
    "fs/march",
    "fs/object",
    "fs/operations",
    "fs/rc",
    "fs/version",
    "fs/walk",
    "lib/atexit",
    "lib/dircache",
    "lib/env",
    "lib/errors",
    "lib/file",
    "lib/mmap",
    "lib/oauthutil",
    "lib/pacer",
    "lib/pool",
    "lib/readers",
    "lib/rest",
    "vfs",
  ]
  pruneopts = "UT"
  revision = "ba72e62b41cbfd6f36ec089a1f58c26d31a57734"

[[projects]]
  digest = "1:1dc27079d76de68903b11c77eac587819686ebbe79b663bc9fe0903fe6df55b3"
  name = "github.com/ncw/swift"
  packages = ["."]
  pruneopts = "UT"
  revision = "24e3012fc8a71f004a6455bce2088031d50bf2b6"
  version = "v1.0.47"

[[projects]]
  digest = "1:11e62d6050198055e6cd87ed57e5d8c669e84f839c16e16f192374d913d1a70d"
  name = "github.com/opentracing/opentracing-go"
  packages = [
    ".",
    "ext",
    "log",
  ]
  pruneopts = "UT"
  revision = "659c90643e714681897ec2521c60567dd21da733"
  version = "v1.1.0"

[[projects]]
  digest = "1:808cdddf087fb64baeae67b8dfaee2069034d9704923a3cb8bd96a995421a625"
  name = "github.com/patrickmn/go-cache"
  packages = ["."]
  pruneopts = "UT"
  revision = "a3647f8e31d79543b2d0f0ae2fe5c379d72cedc0"
  version = "v2.1.0"

[[projects]]
  branch = "master"
  digest = "1:85f2c5074b6e3ca4f62a65d20a7939fd70f028fbdd0e884a17d728de292410bd"
  name = "github.com/peak6/envflag"
  packages = ["."]
  pruneopts = "UT"
  revision = "39b5f0b7ebaa59e1258b2a3cefccceac3f49afa5"

[[projects]]
  digest = "1:f6eff755a8e8718660336e3ef73d541831e34a55b0378d36e5da167d4bdc814f"
  name = "github.com/pengsrc/go-shared"
  packages = [
    "buffer",
    "check",
    "convert",
    "log",
    "reopen",
  ]
  pruneopts = "UT"
  revision = "807ee759d82c84982a89fb3dc875ef884942f1e5"
  version = "v0.2.0"

[[projects]]
  digest = "1:cf31692c14422fa27c83a05292eb5cbe0fb2775972e8f1f8446a71549bd8980b"
  name = "github.com/pkg/errors"
  packages = ["."]
  pruneopts = "UT"
  revision = "ba968bfe8b2f7e042a574c888954fccecfa385b4"
  version = "v0.8.1"

[[projects]]
  digest = "1:6c187bc42f50a341b0dd25da7f5bcf84b4bbffa7193b92f3c983c1a9803a447a"
  name = "github.com/pkg/sftp"
  packages = ["."]
  pruneopts = "UT"
  revision = "a713b07e6d90e1831d7fefcb69f1310edb3783ae"
  version = "v1.10.0"

[[projects]]
  digest = "1:0028cb19b2e4c3112225cd871870f2d9cf49b9b4276531f03438a88e94be86fe"
  name = "github.com/pmezard/go-difflib"
  packages = ["difflib"]
  pruneopts = "UT"
  revision = "792786c7400a136282c1664665ae0a8db921c6c2"
  version = "v1.0.0"

[[projects]]
  digest = "1:0576337460b1e1aa8e13ed620c0cc041495b23188bad807ed98f364d3ed4daba"
  name = "github.com/rfjakob/eme"
  packages = ["."]
  pruneopts = "UT"
  revision = "01668ae55fe0b79a483095689043cce3e80260db"
  version = "v1.1"

[[projects]]
  digest = "1:b0c25f00bad20d783d259af2af8666969e2fc343fa0dc9efe52936bbd67fb758"
  name = "github.com/rs/cors"
  packages = ["."]
  pruneopts = "UT"
  revision = "9a47f48565a795472d43519dd49aac781f3034fb"
  version = "v1.6.0"

[[projects]]
  branch = "master"
  digest = "1:b7d2f7ea91e17b7f0788d119811ce6b098e5471d6af0d358931ed9b9458a6d48"
  name = "github.com/ryanbradynd05/go-tmdb"
  packages = ["."]
  pruneopts = "UT"
  revision = "291a20d25ffdda86ce43e9f703700fd287359e95"

[[projects]]
  branch = "master"
  digest = "1:a3b8912deeef29007fab9a13a9f21b9e9b59c621a2ed61e2fe7b37320a71fbd5"
  name = "github.com/satori/go.uuid"
  packages = ["."]
  pruneopts = "UT"
  revision = "b2ce2384e17bbe0c6d34077efa39dbab3e09123b"

[[projects]]
  branch = "master"
  digest = "1:68cecd4c1137f77dfa2db1f13a0ceef2b5606d6b69d66fa69f7df1b2f2fe9afc"
  name = "github.com/shurcooL/httpfs"
  packages = ["vfsutil"]
  pruneopts = "UT"
  revision = "74dc9339e414ad069a8d04bba7e7aafd08043a25"

[[projects]]
  branch = "master"
  digest = "1:98450c86949b8cdc4637b80c1c686ca955e503d3fbae9296d1f49c532895d281"
  name = "github.com/shurcooL/vfsgen"
  packages = ["."]
  pruneopts = "UT"
  revision = "6a9ea43bcacdf716a5c1b38efff722c07adf0069"

[[projects]]
  digest = "1:04457f9f6f3ffc5fea48e71d62f2ca256637dee0a04d710288e27e05c8b41976"
  name = "github.com/sirupsen/logrus"
  packages = ["."]
  pruneopts = "UT"
  revision = "839c75faf7f98a33d445d181f3018b5c3409a45e"
  version = "v1.4.2"

[[projects]]
  branch = "master"
  digest = "1:519621a373ae7d96a16415a6356d7b97722ed3a292f73409b361b7c0322971e3"
  name = "github.com/skratchdot/open-golang"
  packages = ["open"]
  pruneopts = "UT"
  revision = "79abb63cd66e41cb1473e26d11ebdcd68b04c8e5"

[[projects]]
  branch = "master"
  digest = "1:40bf2e054771b770e0ea6ccb7a7b77fd13e59a5cbe9cadfdbaa39a478519ab15"
  name = "github.com/snowzach/rotatefilehook"
  packages = ["."]
  pruneopts = "UT"
  revision = "2f64f265f58cb742f59d68b12f956c9296746e2d"

[[projects]]
  digest = "1:22799aea8fe96dd5693abdd1eaa14b1b29e3eafbdc7733fa155b3cb556c8a7ae"
  name = "github.com/spf13/cobra"
  packages = ["."]
  pruneopts = "UT"
  revision = "67fc4837d267bc9bfd6e47f77783fcc3dffc68de"
  version = "v0.0.4"

[[projects]]
  digest = "1:c1b1102241e7f645bc8e0c22ae352e8f0dc6484b6cb4d132fa9f24174e0119e2"
  name = "github.com/spf13/pflag"
  packages = ["."]
  pruneopts = "UT"
  revision = "298182f68c66c05229eb03ac171abe6e309ee79a"
  version = "v1.0.3"

[[projects]]
  digest = "1:972c2427413d41a1e06ca4897e8528e5a1622894050e2f527b38ddf0f343f759"
  name = "github.com/stretchr/testify"
  packages = ["assert"]
  pruneopts = "UT"
  revision = "ffdc059bfe9ce6a4e144ba849dbedead332c6053"
  version = "v1.3.0"

[[projects]]
  branch = "master"
  digest = "1:9ad2aa14b97047b3ca336cecce674b2543776333260fac909669beb280b5f388"
  name = "github.com/t3rm1n4l/go-mega"
  packages = ["."]
  pruneopts = "UT"
  revision = "55e675378686d47d431f7df147ac45623732ff3a"

[[projects]]
  digest = "1:172f94a6b3644a8f9e6b5e5b7fc9fe1e42d424f52a0300b2e7ab1e57db73f85d"
  name = "github.com/xanzy/ssh-agent"
  packages = ["."]
  pruneopts = "UT"
  revision = "6a3e2ff9e7c564f36873c2e36413f634534f1c44"
  version = "v0.2.1"

[[projects]]
  digest = "1:4f75bc6804cc711d31ef8227dd93b4cb6f885ecfd1b265a550fe8641030ad4e0"
  name = "github.com/yunify/qingstor-sdk-go"
  packages = [
    ".",
    "config",
    "logger",
    "request",
    "request/builder",
    "request/data",
    "request/errors",
    "request/signer",
    "request/unpacker",
    "service",
    "utils",
  ]
  pruneopts = "UT"
  revision = "60a6f6383677f560fbcc9ac5ce6b47a44a8d2b65"
  version = "v2.3.0"

[[projects]]
  digest = "1:6a0fd720abef071f9c9821249e2a7ee87a2e90fe7e45cef8fe413e6b5287363a"
  name = "go.opencensus.io"
  packages = [
    ".",
    "internal",
    "internal/tagencoding",
    "metric/metricdata",
    "metric/metricproducer",
    "plugin/ochttp",
    "plugin/ochttp/propagation/b3",
    "resource",
    "stats",
    "stats/internal",
    "stats/view",
    "tag",
    "trace",
    "trace/internal",
    "trace/propagation",
    "trace/tracestate",
  ]
  pruneopts = "UT"
  revision = "df6e2001952312404b06f5f6f03fcb4aec1648e5"
  version = "v0.21.0"

[[projects]]
  branch = "master"
  digest = "1:ee4e40ad80e4602e8ec6dad0ce576a15f7d1c87bab4b00962b7c8a924ca11816"
  name = "golang.org/x/crypto"
  packages = [
    "bcrypt",
    "blowfish",
    "curve25519",
    "ed25519",
    "ed25519/internal/edwards25519",
    "internal/chacha20",
    "internal/subtle",
    "nacl/secretbox",
    "pbkdf2",
    "poly1305",
    "salsa20/salsa",
    "scrypt",
    "ssh",
    "ssh/agent",
    "ssh/terminal",
  ]
  pruneopts = "UT"
  revision = "22d7a77e9e5f409e934ed268692e56707cd169e5"

[[projects]]
  branch = "master"
  digest = "1:db2599ce5673c4a3b7e3ea102f55db065579945a19a3af9022bbb724fe73ca94"
  name = "golang.org/x/net"
  packages = [
    "context",
    "context/ctxhttp",
    "html",
    "html/atom",
    "http/httpguts",
    "http2",
    "http2/hpack",
    "idna",
    "internal/timeseries",
    "publicsuffix",
    "trace",
    "websocket",
  ]
  pruneopts = "UT"
  revision = "f3200d17e092c607f615320ecaad13d87ad9a2b3"

[[projects]]
  branch = "master"
  digest = "1:85a6bd7dc73d56e1208ebf9a904516a92aec6e9a7cebff5fef2a1ab24c01a308"
  name = "golang.org/x/oauth2"
  packages = [
    ".",
    "google",
    "internal",
    "jws",
    "jwt",
  ]
  pruneopts = "UT"
  revision = "950ef44c6e079baf075030377d90bf0c7e4b7b7a"

[[projects]]
  branch = "master"
  digest = "1:b521f10a2d8fa85c04a8ef4e62f2d1e14d303599a55d64dabf9f5a02f84d35eb"
  name = "golang.org/x/sync"
  packages = ["errgroup"]
  pruneopts = "UT"
  revision = "112230192c580c3556b8cee6403af37a4fc5f28c"

[[projects]]
  branch = "master"
  digest = "1:832105dfef7fb8befe37f774c2ab4db8eec28b0e05501dee908d5daac0afbd20"
  name = "golang.org/x/sys"
  packages = [
    "cpu",
    "unix",
    "windows",
  ]
  pruneopts = "UT"
  revision = "8097e1b27ff5e40620836729a9584e91b094b062"

[[projects]]
  digest = "1:8d8faad6b12a3a4c819a3f9618cb6ee1fa1cfc33253abeeea8b55336721e3405"
  name = "golang.org/x/text"
  packages = [
    "collate",
    "collate/build",
    "internal/colltab",
    "internal/gen",
    "internal/language",
    "internal/language/compact",
    "internal/tag",
    "internal/triegen",
    "internal/ucd",
    "language",
    "secure/bidirule",
    "transform",
    "unicode/bidi",
    "unicode/cldr",
    "unicode/norm",
    "unicode/rangetable",
  ]
  pruneopts = "UT"
  revision = "342b2e1fbaa52c93f31447ad2c6abc048c63e475"
  version = "v0.3.2"

[[projects]]
  branch = "master"
  digest = "1:9fdc2b55e8e0fafe4b41884091e51e77344f7dc511c5acedcfd98200003bff90"
  name = "golang.org/x/time"
  packages = ["rate"]
  pruneopts = "UT"
  revision = "9d24e82272b4f38b78bc8cff74fa936d31ccd8ef"

[[projects]]
  digest = "1:9c6d5430834355407b8ace3f295d319ab8c990eb7972e4fb273cff02190eff30"
  name = "google.golang.org/api"
  packages = [
    "drive/v2",
    "drive/v3",
    "gensupport",
    "googleapi",
    "googleapi/internal/uritemplates",
    "googleapi/transport",
    "internal",
    "option",
    "storage/v1",
    "transport/http",
    "transport/http/internal/propagation",
  ]
  pruneopts = "UT"
  revision = "721295fe20d585ce7e948146f82188429d14da33"
  version = "v0.5.0"

[[projects]]
  digest = "1:ae8b6cd1af38908c84050254b3fe998dcf6926c6e85d8e504a7402ab32da4569"
  name = "google.golang.org/appengine"
  packages = [
    ".",
    "internal",
    "internal/app_identity",
    "internal/base",
    "internal/datastore",
    "internal/log",
    "internal/modules",
    "internal/remote_api",
    "internal/urlfetch",
    "urlfetch",
  ]
  pruneopts = "UT"
  revision = "4c25cacc810c02874000e4f7071286a8e96b2515"
  version = "v1.6.0"

[[projects]]
  branch = "master"
  digest = "1:583a0c80f5e3a9343d33aea4aead1e1afcc0043db66fdf961ddd1fe8cd3a4faf"
  name = "google.golang.org/genproto"
  packages = ["googleapis/rpc/status"]
  pruneopts = "UT"
  revision = "c2c4e71fbf6989c3e46a18d65cb88c288f8a3a55"

[[projects]]
  digest = "1:c69a4c19c4f241e6b75ad65c5e7a1c4eec5705ae504624df4eb6fb659c2df46c"
  name = "google.golang.org/grpc"
  packages = [
    ".",
    "balancer",
    "balancer/base",
    "balancer/roundrobin",
    "binarylog/grpc_binarylog_v1",
    "codes",
    "connectivity",
    "credentials",
    "credentials/internal",
    "encoding",
    "encoding/proto",
    "grpclog",
    "internal",
    "internal/backoff",
    "internal/balancerload",
    "internal/binarylog",
    "internal/channelz",
    "internal/envconfig",
    "internal/grpcrand",
    "internal/grpcsync",
    "internal/syscall",
    "internal/transport",
    "keepalive",
    "metadata",
    "naming",
    "peer",
    "resolver",
    "resolver/dns",
    "resolver/passthrough",
    "stats",
    "status",
    "tap",
  ]
  pruneopts = "UT"
  revision = "869adfc8d5a43efc0d05780ad109106f457f51e4"
  version = "v1.21.0"

[[projects]]
  digest = "1:2e09b9da3300593183c4ea5cb30486ff8eb2c49cf0a193b2cb4eb6b7f3e57a4e"
  name = "gopkg.in/gormigrate.v1"
  packages = ["."]
  pruneopts = "UT"
  revision = "1e83010fdc477522e2669af346e5f17327aade68"
  version = "v1.5.0"

[[projects]]
  digest = "1:c805e517269b0ba4c21ded5836019ed7d16953d4026cb7d00041d039c7906be9"
  name = "gopkg.in/natefinch/lumberjack.v2"
  packages = ["."]
  pruneopts = "UT"
  revision = "a96e63847dc3c67d17befa69c303767e2f84e54f"
  version = "v2.1"

[[projects]]
  digest = "1:4d2e5a73dc1500038e504a8d78b986630e3626dc027bc030ba5c75da257cdb96"
  name = "gopkg.in/yaml.v2"
  packages = ["."]
  pruneopts = "UT"
  revision = "51d6538a90f86fe93ac480b35f37b2be17fef232"
  version = "v2.2.2"

[solve-meta]
  analyzer-name = "dep"
  analyzer-version = 1
  input-imports = [
    "github.com/Jeffail/tunny",
    "github.com/dgrijalva/jwt-go",
    "github.com/elazarl/go-bindata-assetfs",
    "github.com/fsnotify/fsnotify",
    "github.com/google/uuid",
    "github.com/gorilla/handlers",
    "github.com/gorilla/mux",
    "github.com/graph-gophers/graphql-go",
    "github.com/graph-gophers/graphql-go/relay",
    "github.com/graph-gophers/graphql-transport-ws/graphqlws",
    "github.com/jinzhu/gorm",
    "github.com/jinzhu/gorm/dialects/sqlite",
    "github.com/ncw/rclone/backend/all",
    "github.com/ncw/rclone/fs",
    "github.com/ncw/rclone/fs/config",
    "github.com/ncw/rclone/vfs",
    "github.com/peak6/envflag",
    "github.com/pkg/errors",
    "github.com/rs/cors",
    "github.com/ryanbradynd05/go-tmdb",
    "github.com/satori/go.uuid",
    "github.com/sirupsen/logrus",
    "github.com/snowzach/rotatefilehook",
    "github.com/spf13/cobra",
    "github.com/spf13/pflag",
    "github.com/stretchr/testify/assert",
    "gopkg.in/gormigrate.v1",
  ]
  solver-name = "gps-cdcl"
  solver-version = 1
