# This file is autogenerated, do not edit; changes may be undone by the next 'dep ensure'.


[[projects]]
  name = "cloud.google.com/go"
  packages = ["compute/metadata"]
  revision = "775730d6e48254a2430366162cf6298e5368833c"
  version = "v0.39.0"

[[projects]]
  name = "github.com/Azure/azure-pipeline-go"
  packages = ["pipeline"]
  revision = "55fedc85a614dcd0e942a66f302ae3efb83d563c"
  version = "v0.1.9"

[[projects]]
  name = "github.com/Azure/azure-storage-blob-go"
  packages = ["azblob"]
  revision = "678206e7e6e55abf0265a6440135e92005176ebf"
  version = "v0.6.0"

[[projects]]
  name = "github.com/Jeffail/tunny"
  packages = ["."]
  revision = "4921fff29480bad359ad2fb3271fb461c8ffe1fc"
  version = "0.1.2"

[[projects]]
  branch = "master"
  name = "github.com/Unknwon/goconfig"
  packages = ["."]
  revision = "3dba17dd7b9ec8509b3621a73a30a4b333eb28da"

[[projects]]
  name = "github.com/abbot/go-http-auth"
  packages = ["."]
  revision = "0ddd408d5d60ea76e320503cc7dd091992dee608"
  version = "v0.4.0"

[[projects]]
  name = "github.com/aws/aws-sdk-go"
  packages = [
    "aws",
    "aws/awserr",
    "aws/awsutil",
    "aws/client",
    "aws/client/metadata",
    "aws/corehandlers",
    "aws/credentials",
    "aws/credentials/ec2rolecreds",
    "aws/credentials/endpointcreds",
    "aws/credentials/processcreds",
    "aws/credentials/stscreds",
    "aws/csm",
    "aws/defaults",
    "aws/ec2metadata",
    "aws/endpoints",
    "aws/request",
    "aws/session",
    "aws/signer/v4",
    "internal/ini",
    "internal/s3err",
    "internal/sdkio",
    "internal/sdkrand",
    "internal/sdkuri",
    "internal/shareddefaults",
    "private/protocol",
    "private/protocol/eventstream",
    "private/protocol/eventstream/eventstreamapi",
    "private/protocol/json/jsonutil",
    "private/protocol/query",
    "private/protocol/query/queryutil",
    "private/protocol/rest",
    "private/protocol/restxml",
    "private/protocol/xml/xmlutil",
    "service/s3",
    "service/s3/s3iface",
    "service/s3/s3manager",
    "service/sts"
  ]
  revision = "4106f185073f937cf269760ce26961b21cd4bebb"
  version = "v1.20.4"

[[projects]]
  name = "github.com/coreos/bbolt"
  packages = ["."]
  revision = "a0458a2b35708eef59eb5f620ceb3cd1c01a824d"
  version = "v1.3.3"

[[projects]]
  name = "github.com/davecgh/go-spew"
  packages = ["spew"]
  revision = "8991bc29aa16c548c550c7ff78260e27b9ab7c73"
  version = "v1.1.1"

[[projects]]
  branch = "master"
  name = "github.com/dgrijalva/jwt-go"
  packages = ["."]
  revision = "3af4c746e1c248ee8491a3e0c6f7a9cd831e95f8"

[[projects]]
  name = "github.com/djherbis/times"
  packages = ["."]
  revision = "847c5208d8924cea0acea3376ff62aede93afe39"
  version = "v1.2.0"

[[projects]]
  name = "github.com/dropbox/dropbox-sdk-go-unofficial"
  packages = [
    "dropbox",
    "dropbox/async",
    "dropbox/auth",
    "dropbox/common",
    "dropbox/file_properties",
    "dropbox/files",
    "dropbox/seen_state",
    "dropbox/sharing",
    "dropbox/team",
    "dropbox/team_common",
    "dropbox/team_policies",
    "dropbox/users",
    "dropbox/users_common"
  ]
  revision = "af4558f5e44cef90c2d963e50e76e7dfa46d0c48"
  version = "v5.4.0"

[[projects]]
  name = "github.com/elazarl/go-bindata-assetfs"
  packages = ["."]
  revision = "30f82fa23fd844bd5bb1e5f216db87fd77b5eb43"
  version = "v1.0.0"

[[projects]]
  name = "github.com/fsnotify/fsnotify"
  packages = ["."]
  revision = "c2828203cd70a50dcccfb2761f8b1f8ceef9a8e9"
  version = "v1.4.7"

[[projects]]
  name = "github.com/golang/protobuf"
  packages = [
    "proto",
    "ptypes",
    "ptypes/any",
    "ptypes/duration",
    "ptypes/timestamp"
  ]
  revision = "b5d812f8a3706043e23a9cd5babf2e5423744d30"
  version = "v1.3.1"

[[projects]]
  name = "github.com/google/go-querystring"
  packages = ["query"]
  revision = "44c6ddd0a2342c386950e880b658017258da92fc"
  version = "v1.0.0"

[[projects]]
  name = "github.com/google/uuid"
  packages = ["."]
  revision = "0cd6bf5da1e1c83f8b45653022c74f71af0538a4"
  version = "v1.1.1"

[[projects]]
  name = "github.com/gorilla/handlers"
  packages = ["."]
  revision = "7e0847f9db758cdebd26c149d0ae9d5d0b9c98ce"
  version = "v1.4.0"

[[projects]]
  name = "github.com/gorilla/mux"
  packages = ["."]
  revision = "ed099d42384823742bba0bf9a72b53b55c9e2e38"
  version = "v1.7.2"

[[projects]]
  name = "github.com/gorilla/websocket"
  packages = ["."]
  revision = "66b9c49e59c6c48f0ffce28c2d8b8a5678502c6d"
  version = "v1.4.0"

[[projects]]
  branch = "master"
  name = "github.com/graph-gophers/graphql-go"
  packages = [
    ".",
    "errors",
    "internal/common",
    "internal/exec",
    "internal/exec/packer",
    "internal/exec/resolvable",
    "internal/exec/selected",
    "internal/query",
    "internal/schema",
    "internal/validation",
    "introspection",
    "log",
    "relay",
    "trace"
  ]
  revision = "158e7b876106936762df88b11b595cfe2de738c6"

[[projects]]
  branch = "master"
  name = "github.com/graph-gophers/graphql-transport-ws"
  packages = [
    "graphqlws",
    "graphqlws/internal/connection"
  ]
  revision = "40c0484322990a129cac2f2d2763c3315230280c"

[[projects]]
  name = "github.com/hashicorp/golang-lru"
  packages = ["simplelru"]
  revision = "7087cb70de9f7a8bc0a10c375cb0d2280a8edf9c"
  version = "v0.5.1"

[[projects]]
  name = "github.com/inconshreveable/mousetrap"
  packages = ["."]
  revision = "76626ae9c91c4f2a10f34cad8ce83ea42c93bb75"
  version = "v1.0"

[[projects]]
  branch = "master"
  name = "github.com/jasonlvhit/gocron"
  packages = ["."]
  revision = "5bcdd9fcfa9bf10574722841a11ccb2a57866dc8"

[[projects]]
  branch = "master"
  name = "github.com/jinzhu/gorm"
  packages = [
    ".",
    "dialects/sqlite"
  ]
  revision = "321c636b9da51a621d51b938b404ccd5a131e299"

[[projects]]
  branch = "master"
  name = "github.com/jinzhu/inflection"
  packages = ["."]
  revision = "04140366298a54a039076d798123ffa108fff46c"

[[projects]]
  branch = "master"
  name = "github.com/jlaffaye/ftp"
  packages = ["."]
  revision = "9284a88df536a8e9d80846c718efeeda5e56b898"

[[projects]]
  name = "github.com/jmespath/go-jmespath"
  packages = ["."]
  revision = "c2b33e84"

[[projects]]
  name = "github.com/konsorten/go-windows-terminal-sequences"
  packages = ["."]
  revision = "f55edac94c9bbba5d6182a4be46d86a2c9b5b50e"
  version = "v1.0.2"

[[projects]]
  branch = "master"
  name = "github.com/koofr/go-httpclient"
  packages = ["."]
  revision = "03786175608a2f5e76523fc489cad8bee2f20fbc"

[[projects]]
  branch = "master"
  name = "github.com/koofr/go-koofrclient"
  packages = ["."]
  revision = "7f327592caff2f24d64635e29bf560db6a2e4db5"

[[projects]]
  name = "github.com/kr/fs"
  packages = ["."]
  revision = "1455def202f6e05b95cc7bfc7e8ae67ae5141eba"
  version = "v0.1.0"

[[projects]]
  name = "github.com/mattn/go-sqlite3"
  packages = ["."]
  revision = "c7c4067b79cc51e6dfdcef5c702e74b1e0fa7c75"
  version = "v1.10.0"

[[projects]]
  name = "github.com/mitchellh/go-homedir"
  packages = ["."]
  revision = "af06845cf3004701891bf4fdb884bfe4920b3727"
  version = "v1.1.0"

[[projects]]
  branch = "master"
  name = "github.com/ncw/go-acd"
  packages = ["."]
  revision = "887eb06ab6a255fbf5744b5812788e884078620a"

[[projects]]
  name = "github.com/ncw/rclone"
  packages = [
    "backend/alias",
    "backend/all",
    "backend/amazonclouddrive",
    "backend/azureblob",
    "backend/b2",
    "backend/b2/api",
    "backend/box",
    "backend/box/api",
    "backend/cache",
    "backend/crypt",
    "backend/crypt/pkcs7",
    "backend/drive",
    "backend/dropbox",
    "backend/dropbox/dbhash",
    "backend/ftp",
    "backend/googlecloudstorage",
    "backend/http",
    "backend/hubic",
    "backend/jottacloud",
    "backend/jottacloud/api",
    "backend/koofr",
    "backend/local",
    "backend/mega",
    "backend/onedrive",
    "backend/onedrive/api",
    "backend/onedrive/quickxorhash",
    "backend/opendrive",
    "backend/pcloud",
    "backend/pcloud/api",
    "backend/qingstor",
    "backend/s3",
    "backend/sftp",
    "backend/swift",
    "backend/union",
    "backend/webdav",
    "backend/webdav/api",
    "backend/webdav/odrvcookie",
    "backend/yandex",
    "backend/yandex/api",
    "cmd/serve/httplib",
    "cmd/serve/httplib/serve/data",
    "fs",
    "fs/accounting",
    "fs/asyncreader",
    "fs/cache",
    "fs/chunkedreader",
    "fs/config",
    "fs/config/configmap",
    "fs/config/configstruct",
    "fs/config/flags",
    "fs/config/obscure",
    "fs/driveletter",
    "fs/filter",
    "fs/fserrors",
    "fs/fshttp",
    "fs/fspath",
    "fs/hash",
    "fs/list",
    "fs/log",
    "fs/march",
    "fs/object",
    "fs/operations",
    "fs/rc",
    "fs/version",
    "fs/walk",
    "lib/atexit",
    "lib/dircache",
    "lib/env",
    "lib/errors",
    "lib/file",
    "lib/mmap",
    "lib/oauthutil",
    "lib/pacer",
    "lib/pool",
    "lib/readers",
    "lib/rest",
    "vfs"
  ]
  revision = "ba72e62b41cbfd6f36ec089a1f58c26d31a57734"

[[projects]]
  name = "github.com/ncw/swift"
  packages = ["."]
  revision = "24e3012fc8a71f004a6455bce2088031d50bf2b6"
  version = "v1.0.47"

[[projects]]
  name = "github.com/opentracing/opentracing-go"
  packages = [
    ".",
    "ext",
    "log"
  ]
  revision = "659c90643e714681897ec2521c60567dd21da733"
  version = "v1.1.0"

[[projects]]
  name = "github.com/patrickmn/go-cache"
  packages = ["."]
  revision = "a3647f8e31d79543b2d0f0ae2fe5c379d72cedc0"
  version = "v2.1.0"

[[projects]]
  branch = "master"
  name = "github.com/peak6/envflag"
  packages = ["."]
  revision = "39b5f0b7ebaa59e1258b2a3cefccceac3f49afa5"

[[projects]]
  name = "github.com/pengsrc/go-shared"
  packages = [
    "buffer",
    "check",
    "convert",
    "log",
    "reopen"
  ]
  revision = "807ee759d82c84982a89fb3dc875ef884942f1e5"
  version = "v0.2.0"

[[projects]]
  name = "github.com/pkg/errors"
  packages = ["."]
  revision = "ba968bfe8b2f7e042a574c888954fccecfa385b4"
  version = "v0.8.1"

[[projects]]
  name = "github.com/pkg/sftp"
  packages = ["."]
  revision = "a713b07e6d90e1831d7fefcb69f1310edb3783ae"
  version = "v1.10.0"

[[projects]]
  name = "github.com/pmezard/go-difflib"
  packages = ["difflib"]
  revision = "792786c7400a136282c1664665ae0a8db921c6c2"
  version = "v1.0.0"

[[projects]]
  name = "github.com/rfjakob/eme"
  packages = ["."]
  revision = "01668ae55fe0b79a483095689043cce3e80260db"
  version = "v1.1"

[[projects]]
  name = "github.com/rs/cors"
  packages = ["."]
  revision = "9a47f48565a795472d43519dd49aac781f3034fb"
  version = "v1.6.0"

[[projects]]
  branch = "master"
  name = "github.com/ryanbradynd05/go-tmdb"
  packages = ["."]
  revision = "291a20d25ffdda86ce43e9f703700fd287359e95"

[[projects]]
  branch = "master"
  name = "github.com/satori/go.uuid"
  packages = ["."]
  revision = "b2ce2384e17bbe0c6d34077efa39dbab3e09123b"

[[projects]]
  branch = "master"
  name = "github.com/shurcooL/httpfs"
  packages = ["vfsutil"]
  revision = "74dc9339e414ad069a8d04bba7e7aafd08043a25"

[[projects]]
  branch = "master"
  name = "github.com/shurcooL/vfsgen"
  packages = ["."]
  revision = "6a9ea43bcacdf716a5c1b38efff722c07adf0069"

[[projects]]
  name = "github.com/sirupsen/logrus"
  packages = ["."]
  revision = "839c75faf7f98a33d445d181f3018b5c3409a45e"
  version = "v1.4.2"

[[projects]]
  branch = "master"
  name = "github.com/skratchdot/open-golang"
  packages = ["open"]
  revision = "79abb63cd66e41cb1473e26d11ebdcd68b04c8e5"

[[projects]]
  branch = "master"
  name = "github.com/snowzach/rotatefilehook"
  packages = ["."]
  revision = "2f64f265f58cb742f59d68b12f956c9296746e2d"

[[projects]]
  name = "github.com/spf13/cobra"
  packages = ["."]
  revision = "67fc4837d267bc9bfd6e47f77783fcc3dffc68de"
  version = "v0.0.4"

[[projects]]
  name = "github.com/spf13/pflag"
  packages = ["."]
  revision = "298182f68c66c05229eb03ac171abe6e309ee79a"
  version = "v1.0.3"

[[projects]]
  name = "github.com/stretchr/testify"
  packages = ["assert"]
  revision = "ffdc059bfe9ce6a4e144ba849dbedead332c6053"
  version = "v1.3.0"

[[projects]]
  branch = "master"
  name = "github.com/t3rm1n4l/go-mega"
  packages = ["."]
  revision = "55e675378686d47d431f7df147ac45623732ff3a"

[[projects]]
  name = "github.com/xanzy/ssh-agent"
  packages = ["."]
  revision = "6a3e2ff9e7c564f36873c2e36413f634534f1c44"
  version = "v0.2.1"

[[projects]]
  name = "github.com/yunify/qingstor-sdk-go"
  packages = [
    ".",
    "config",
    "logger",
    "request",
    "request/builder",
    "request/data",
    "request/errors",
    "request/signer",
    "request/unpacker",
    "service",
    "utils"
  ]
  revision = "60a6f6383677f560fbcc9ac5ce6b47a44a8d2b65"
  version = "v2.3.0"

[[projects]]
  name = "go.opencensus.io"
  packages = [
    ".",
    "internal",
    "internal/tagencoding",
    "metric/metricdata",
    "metric/metricproducer",
    "plugin/ochttp",
    "plugin/ochttp/propagation/b3",
    "resource",
    "stats",
    "stats/internal",
    "stats/view",
    "tag",
    "trace",
    "trace/internal",
    "trace/propagation",
    "trace/tracestate"
  ]
  revision = "df6e2001952312404b06f5f6f03fcb4aec1648e5"
  version = "v0.21.0"

[[projects]]
  branch = "master"
  name = "golang.org/x/crypto"
  packages = [
    "bcrypt",
    "blowfish",
    "curve25519",
    "ed25519",
    "ed25519/internal/edwards25519",
    "internal/chacha20",
    "internal/subtle",
    "nacl/secretbox",
    "pbkdf2",
    "poly1305",
    "salsa20/salsa",
    "scrypt",
    "ssh",
    "ssh/agent",
    "ssh/terminal"
  ]
  revision = "22d7a77e9e5f409e934ed268692e56707cd169e5"

[[projects]]
  branch = "master"
  name = "golang.org/x/net"
  packages = [
    "context",
    "context/ctxhttp",
    "html",
    "html/atom",
    "http/httpguts",
    "http2",
    "http2/hpack",
    "idna",
    "internal/timeseries",
    "publicsuffix",
    "trace",
    "websocket"
  ]
  revision = "f3200d17e092c607f615320ecaad13d87ad9a2b3"

[[projects]]
  branch = "master"
  name = "golang.org/x/oauth2"
  packages = [
    ".",
    "google",
    "internal",
    "jws",
    "jwt"
  ]
  revision = "950ef44c6e079baf075030377d90bf0c7e4b7b7a"

[[projects]]
  branch = "master"
  name = "golang.org/x/sync"
  packages = ["errgroup"]
  revision = "112230192c580c3556b8cee6403af37a4fc5f28c"

[[projects]]
  branch = "master"
  name = "golang.org/x/sys"
  packages = [
    "cpu",
    "unix",
    "windows"
  ]
  revision = "8097e1b27ff5e40620836729a9584e91b094b062"

[[projects]]
  name = "golang.org/x/text"
  packages = [
    "collate",
    "collate/build",
    "internal/colltab",
    "internal/gen",
    "internal/language",
    "internal/language/compact",
    "internal/tag",
    "internal/triegen",
    "internal/ucd",
    "language",
    "secure/bidirule",
    "transform",
    "unicode/bidi",
    "unicode/cldr",
    "unicode/norm",
    "unicode/rangetable"
  ]
  revision = "342b2e1fbaa52c93f31447ad2c6abc048c63e475"
  version = "v0.3.2"

[[projects]]
  branch = "master"
  name = "golang.org/x/time"
  packages = ["rate"]
  revision = "9d24e82272b4f38b78bc8cff74fa936d31ccd8ef"

[[projects]]
  name = "google.golang.org/api"
  packages = [
    "drive/v2",
    "drive/v3",
    "gensupport",
    "googleapi",
    "googleapi/internal/uritemplates",
    "googleapi/transport",
    "internal",
    "option",
    "storage/v1",
    "transport/http",
    "transport/http/internal/propagation"
  ]
  revision = "721295fe20d585ce7e948146f82188429d14da33"
  version = "v0.5.0"

[[projects]]
  name = "google.golang.org/appengine"
  packages = [
    ".",
    "internal",
    "internal/app_identity",
    "internal/base",
    "internal/datastore",
    "internal/log",
    "internal/modules",
    "internal/remote_api",
    "internal/urlfetch",
    "urlfetch"
  ]
  revision = "4c25cacc810c02874000e4f7071286a8e96b2515"
  version = "v1.6.0"

[[projects]]
  branch = "master"
  name = "google.golang.org/genproto"
  packages = ["googleapis/rpc/status"]
  revision = "c2c4e71fbf6989c3e46a18d65cb88c288f8a3a55"

[[projects]]
  name = "google.golang.org/grpc"
  packages = [
    ".",
    "balancer",
    "balancer/base",
    "balancer/roundrobin",
    "binarylog/grpc_binarylog_v1",
    "codes",
    "connectivity",
    "credentials",
    "credentials/internal",
    "encoding",
    "encoding/proto",
    "grpclog",
    "internal",
    "internal/backoff",
    "internal/balancerload",
    "internal/binarylog",
    "internal/channelz",
    "internal/envconfig",
    "internal/grpcrand",
    "internal/grpcsync",
    "internal/syscall",
    "internal/transport",
    "keepalive",
    "metadata",
    "naming",
    "peer",
    "resolver",
    "resolver/dns",
    "resolver/passthrough",
    "stats",
    "status",
    "tap"
  ]
  revision = "869adfc8d5a43efc0d05780ad109106f457f51e4"
  version = "v1.21.0"

[[projects]]
  name = "gopkg.in/gormigrate.v1"
  packages = ["."]
  revision = "1e83010fdc477522e2669af346e5f17327aade68"
  version = "v1.5.0"

[[projects]]
  name = "gopkg.in/natefinch/lumberjack.v2"
  packages = ["."]
  revision = "a96e63847dc3c67d17befa69c303767e2f84e54f"
  version = "v2.1"

[[projects]]
  name = "gopkg.in/yaml.v2"
  packages = ["."]
  revision = "51d6538a90f86fe93ac480b35f37b2be17fef232"
  version = "v2.2.2"

[solve-meta]
  analyzer-name = "dep"
  analyzer-version = 1
  inputs-digest = "d3df2c0a65de6a05ad8a25cabff53ed7fc1a26852ebb2833b8ef6da6e739d8ab"
  solver-name = "gps-cdcl"
  solver-version = 1
